hash: 9f983e3d93ac79f33872196d7910efcd370d1794954548796714e1c1c2d53ec0
updated: 2016-10-18T07:51:59.296897325+02:00
imports:
- name: cloud.google.com/go
  version: 10d3f88527609d7b9748b3f477e2d76dc5bacb10
  subpackages:
  - compute/metadata
  - internal
- name: github.com/boj/redistore
  version: 0cd55584b172cefd31c4cb84e2904585d898c7b2
- name: github.com/fatih/color
  version: dea9d3a26a087187530244679c1cfb3a42937794
- name: github.com/garyburd/redigo
  version: ffa8d46ada782d81cfda81a0fbd9f45ceae448e8
  subpackages:
  - internal
  - redis
- name: github.com/gin-gonic/contrib
  version: cf28f84316e50a05a59d174b37c26ad9a43a1201
  subpackages:
  - sessions
- name: github.com/gin-gonic/gin
  version: ac0ad2fed865d40a0adc1ac3ccaadc3acff5db4b
  subpackages:
  - binding
  - render
- name: github.com/golang/protobuf
  version: 98fa357170587e470c5f27d3c3ea0947b71eb455
  subpackages:
  - proto
- name: github.com/gorilla/context
  version: 08b5f424b9271eedf6f9f0ce86cb9396ed337a42
- name: github.com/gorilla/securecookie
  version: fa5329f913702981df43dcb2a380bac429c810b5
- name: github.com/gorilla/sessions
  version: f61c3ec2cf65d69e7efedfd4d060fe128882c951
- name: github.com/julienschmidt/httprouter
  version: 999ba04938b528fb4fb859231ee929958b8db4a6
- name: github.com/mattn/go-colorable
  version: 043ae16291351db8465272edf465c9f388161627
- name: github.com/mattn/go-isatty
  version: 66b8e73f3f5cda9f96b69efd03dd3d7fc4a5cdb8
- name: github.com/Skarlso/goquestwebapp
  version: d2918133f28da0966f65191f1d302aefa3ad0f8e
  subpackages:
  - structs
- name: golang.org/x/net
  version: 8b4af36cd21a1f85a7484b49feb7c79363106d8e
  subpackages:
  - context
  - context/ctxhttp
- name: golang.org/x/oauth2
  version: 1e695b1c8febf17aad3bfa7bf0a819ef94b98ad5
  subpackages:
  - google
  - internal
  - jws
  - jwt
- name: golang.org/x/sys
  version: 002cbb5f952456d0c50e0d2aff17ea5eca716979
  subpackages:
  - unix
- name: google.golang.org/appengine
  version: 5b8c3b819891014a2d12354528f7d046dd53c89e
  subpackages:
  - internal
  - internal/app_identity
  - internal/base
  - internal/datastore
  - internal/log
  - internal/modules
  - internal/remote_api
  - internal/urlfetch
  - urlfetch
- name: gopkg.in/joeybloggs/go-validate-yourself.v4
  version: a3cb430fa1e43b15e72d7bec5b20d0bdff4c2bb8
- name: gopkg.in/mgo.v2
  version: 3f83fa5005286a7fe593b055f0d7771a7dce4655
  subpackages:
  - bson
  - internal/json
  - internal/sasl
  - internal/scram
testImports: []
